
Microsoft Visual Studio Solution File, Format Version 12.00
# Visual Studio Version 17
VisualStudioVersion = 17.14.36616.10
MinimumVisualStudioVersion = 10.0.40219.1
Project("{FAE04EC0-301F-11D3-BF4B-00C04F79EFBC}") = "terminal-s3-iis-deployer", "terminal-s3-iis-deployer.csproj", "{B09949AB-1A41-C1B1-D166-3538D0F0252D}"
EndProject
Project("{FAE04EC0-301F-11D3-BF4B-00C04F79EFBC}") = "TerminalArtifactApi", "TerminalArtifactApi\TerminalArtifactApi.csproj", "{86D4ECDD-A784-43A1-9B66-1394923C6BE3}"
EndProject
Global
	GlobalSection(SolutionConfigurationPlatforms) = preSolution
		Debug|Any CPU = Debug|Any CPU
		Debug|x64 = Debug|x64
		Debug|x86 = Debug|x86
		Release|Any CPU = Release|Any CPU
		Release|x64 = Release|x64
		Release|x86 = Release|x86
	EndGlobalSection
	GlobalSection(ProjectConfigurationPlatforms) = postSolution
		{B09949AB-1A41-C1B1-D166-3538D0F0252D}.Debug|Any CPU.ActiveCfg = Debug|Any CPU
		{B09949AB-1A41-C1B1-D166-3538D0F0252D}.Debug|Any CPU.Build.0 = Debug|Any CPU
		{B09949AB-1A41-C1B1-D166-3538D0F0252D}.Debug|x64.ActiveCfg = Debug|Any CPU
		{B09949AB-1A41-C1B1-D166-3538D0F0252D}.Debug|x64.Build.0 = Debug|Any CPU
		{B09949AB-1A41-C1B1-D166-3538D0F0252D}.Debug|x86.ActiveCfg = Debug|Any CPU
		{B09949AB-1A41-C1B1-D166-3538D0F0252D}.Debug|x86.Build.0 = Debug|Any CPU
		{B09949AB-1A41-C1B1-D166-3538D0F0252D}.Release|Any CPU.ActiveCfg = Release|Any CPU
		{B09949AB-1A41-C1B1-D166-3538D0F0252D}.Release|Any CPU.Build.0 = Release|Any CPU
		{B09949AB-1A41-C1B1-D166-3538D0F0252D}.Release|x64.ActiveCfg = Release|Any CPU
		{B09949AB-1A41-C1B1-D166-3538D0F0252D}.Release|x64.Build.0 = Release|Any CPU
		{B09949AB-1A41-C1B1-D166-3538D0F0252D}.Release|x86.ActiveCfg = Release|Any CPU
		{B09949AB-1A41-C1B1-D166-3538D0F0252D}.Release|x86.Build.0 = Release|Any CPU
		{86D4ECDD-A784-43A1-9B66-1394923C6BE3}.Debug|Any CPU.ActiveCfg = Debug|Any CPU
		{86D4ECDD-A784-43A1-9B66-1394923C6BE3}.Debug|Any CPU.Build.0 = Debug|Any CPU
		{86D4ECDD-A784-43A1-9B66-1394923C6BE3}.Debug|x64.ActiveCfg = Debug|Any CPU
		{86D4ECDD-A784-43A1-9B66-1394923C6BE3}.Debug|x64.Build.0 = Debug|Any CPU
		{86D4ECDD-A784-43A1-9B66-1394923C6BE3}.Debug|x86.ActiveCfg = Debug|Any CPU
		{86D4ECDD-A784-43A1-9B66-1394923C6BE3}.Debug|x86.Build.0 = Debug|Any CPU
		{86D4ECDD-A784-43A1-9B66-1394923C6BE3}.Release|Any CPU.ActiveCfg = Release|Any CPU
		{86D4ECDD-A784-43A1-9B66-1394923C6BE3}.Release|Any CPU.Build.0 = Release|Any CPU
		{86D4ECDD-A784-43A1-9B66-1394923C6BE3}.Release|x64.ActiveCfg = Release|Any CPU
		{86D4ECDD-A784-43A1-9B66-1394923C6BE3}.Release|x64.Build.0 = Release|Any CPU
		{86D4ECDD-A784-43A1-9B66-1394923C6BE3}.Release|x86.ActiveCfg = Release|Any CPU
		{86D4ECDD-A784-43A1-9B66-1394923C6BE3}.Release|x86.Build.0 = Release|Any CPU
	EndGlobalSection
	GlobalSection(SolutionProperties) = preSolution
		HideSolutionNode = FALSE
	EndGlobalSection
	GlobalSection(ExtensibilityGlobals) = postSolution
		SolutionGuid = {1214EA09-8680-4C42-B023-BF5B46B9A18A}
	EndGlobalSection
EndGlobal
