
Microsoft Visual Studio Solution File, Format Version 12.00
# Visual Studio Version 17
VisualStudioVersion = 17.14.36616.10 d17.14
MinimumVisualStudioVersion = 10.0.40219.1
Project("{FAE04EC0-301F-11D3-BF4B-00C04F79EFBC}") = "terminal-s3-iis-deployer", "terminal-s3-iis-deployer.csproj", "{B09949AB-1A41-C1B1-D166-3538D0F0252D}"
EndProject
Global
	GlobalSection(SolutionConfigurationPlatforms) = preSolution
		Debug|Any CPU = Debug|Any CPU
		Release|Any CPU = Release|Any CPU
	EndGlobalSection
	GlobalSection(ProjectConfigurationPlatforms) = postSolution
		{B09949AB-1A41-C1B1-D166-3538D0F0252D}.Debug|Any CPU.ActiveCfg = Debug|Any CPU
		{B09949AB-1A41-C1B1-D166-3538D0F0252D}.Debug|Any CPU.Build.0 = Debug|Any CPU
		{B09949AB-1A41-C1B1-D166-3538D0F0252D}.Release|Any CPU.ActiveCfg = Release|Any CPU
		{B09949AB-1A41-C1B1-D166-3538D0F0252D}.Release|Any CPU.Build.0 = Release|Any CPU
	EndGlobalSection
	GlobalSection(SolutionProperties) = preSolution
		HideSolutionNode = FALSE
	EndGlobalSection
	GlobalSection(ExtensibilityGlobals) = postSolution
		SolutionGuid = {1214EA09-8680-4C42-B023-BF5B46B9A18A}
	EndGlobalSection
EndGlobal
